
Microsoft Visual Studio Solution File, Format Version 12.00
# Visual Studio Version 17
VisualStudioVersion = 17.3.32825.248
MinimumVisualStudioVersion = 10.0.40219.1
Project("{FAE04EC0-301F-11D3-BF4B-00C04F79EFBC}") = "Lab6", "Lab6\Lab6.csproj", "{92C42CE0-EC18-4C7E-B315-436EE3F7797E}"
EndProject
Global
	GlobalSection(SolutionConfigurationPlatforms) = preSolution
		Debug|Any CPU = Debug|Any CPU
		Release|Any CPU = Release|Any CPU
	EndGlobalSection
	GlobalSection(ProjectConfigurationPlatforms) = postSolution
		{92C42CE0-EC18-4C7E-B315-436EE3F7797E}.Debug|Any CPU.ActiveCfg = Debug|Any CPU
		{92C42CE0-EC18-4C7E-B315-436EE3F7797E}.Debug|Any CPU.Build.0 = Debug|Any CPU
		{92C42CE0-EC18-4C7E-B315-436EE3F7797E}.Release|Any CPU.ActiveCfg = Release|Any CPU
		{92C42CE0-EC18-4C7E-B315-436EE3F7797E}.Release|Any CPU.Build.0 = Release|Any CPU
	EndGlobalSection
	GlobalSection(SolutionProperties) = preSolution
		HideSolutionNode = FALSE
	EndGlobalSection
	GlobalSection(ExtensibilityGlobals) = postSolution
		SolutionGuid = {98AAB9A3-682A-408D-B363-054929302245}
	EndGlobalSection
EndGlobal
